{
  "version": 4,
  "terraform_version": "1.9.8",
  "serial": 26,
  "lineage": "7b609e31-3258-04a1-f20f-6d1ceb4195fb",
  "outputs": {
    "instance_ip": {
      "value": "34.16.144.216",
      "type": "string"
    }
  },
  "resources": [
    {
      "mode": "managed",
      "type": "google_compute_instance",
      "name": "app_server",
      "provider": "provider[\"registry.terraform.io/hashicorp/google\"]",
      "instances": [
        {
          "schema_version": 6,
          "attributes": {
            "advanced_machine_features": [],
            "allow_stopping_for_update": null,
            "attached_disk": [],
            "boot_disk": [
              {
                "auto_delete": true,
                "device_name": "persistent-disk-0",
                "disk_encryption_key_raw": "",
                "disk_encryption_key_sha256": "",
                "initialize_params": [
                  {
                    "enable_confidential_compute": false,
                    "image": "https://www.googleapis.com/compute/v1/projects/ubuntu-os-cloud/global/images/ubuntu-2004-focal-v20241016",
                    "labels": {},
                    "provisioned_iops": 0,
                    "provisioned_throughput": 0,
                    "resource_manager_tags": null,
                    "resource_policies": [],
                    "size": 10,
                    "storage_pool": "",
                    "type": "pd-standard"
                  }
                ],
                "interface": "",
                "kms_key_self_link": "",
                "mode": "READ_WRITE",
                "source": "https://www.googleapis.com/compute/v1/projects/acquired-rite-440014-v4/zones/us-west4-c/disks/my-ecommerce-app2"
              }
            ],
            "can_ip_forward": false,
            "confidential_instance_config": [],
            "cpu_platform": "Intel Broadwell",
            "creation_timestamp": "2024-10-31T03:29:19.696-07:00",
            "current_status": "RUNNING",
            "deletion_protection": false,
            "description": "",
            "desired_status": null,
            "effective_labels": {
              "goog-terraform-provisioned": "true"
            },
            "enable_display": false,
            "guest_accelerator": [],
            "hostname": "",
            "id": "projects/acquired-rite-440014-v4/zones/us-west4-c/instances/my-ecommerce-app2",
            "instance_id": "6613519541757469968",
            "key_revocation_action_type": "",
            "label_fingerprint": "vezUS-42LLM=",
            "labels": null,
            "machine_type": "e2-medium",
            "metadata": {
              "ssh-keys": "enochblake:ssh-rsa AAAAB3NzaC1yc2EAAAADAQABAAABgQDjmPU9ghBxBJfz/nkrbIzunRdJCuZhLTPX/cKJfhmTHHXSO9uA3u/A+NLQf+2NH8W0649BV1zRMp7UAgERqSRZRdfHK94BVuQ9CQET7pSnPfX6AX6+Jon+B1a6+pVj3ELn5D+o+VecMsKD8gsT4HsYl56Zz5N6BxdwNybH2/839nHSetmDpQHRkwUfNel7CqvYpazifZOF7TCo3ZGk5CU/XRgTumOILq2HYCFFmtzE5xuzECdGQ+3OIZQaiZCuXDvxtJlPlt0XN2G8gn1pBavtOouPePRL4eVfp/5Qzq5ukMifmkOVMRCIlb6lUB/Au583pW+H4tfNZTlTttr5RXIH9dzgD6LXSIA9iPQOp261AXkBQvDlnTe8I+CwWlbcKaWIuPZqYf9RjQKaWPNsZ+qToZwgjjop8CMlBzVGH7pE4yJAV/HC72QXLpj8kDvmo5aFSItm/uv5FpxaaCljMWTNwKKvWoDUCC6tj0ZZCgkKAUCB+Moc5t/3MVZYPw7f4aM= enochblake\n"
            },
            "metadata_fingerprint": "kKQ3xcJ5gdo=",
            "metadata_startup_script": null,
            "min_cpu_platform": "",
            "name": "my-ecommerce-app2",
            "network_interface": [
              {
                "access_config": [
                  {
                    "nat_ip": "34.16.144.216",
                    "network_tier": "PREMIUM",
                    "public_ptr_domain_name": ""
                  }
                ],
                "alias_ip_range": [],
                "internal_ipv6_prefix_length": 0,
                "ipv6_access_config": [],
                "ipv6_access_type": "",
                "ipv6_address": "",
                "name": "nic0",
                "network": "https://www.googleapis.com/compute/v1/projects/acquired-rite-440014-v4/global/networks/default",
                "network_ip": "10.182.0.9",
                "nic_type": "",
                "queue_count": 0,
                "stack_type": "IPV4_ONLY",
                "subnetwork": "https://www.googleapis.com/compute/v1/projects/acquired-rite-440014-v4/regions/us-west4/subnetworks/default",
                "subnetwork_project": "acquired-rite-440014-v4"
              }
            ],
            "network_performance_config": [],
            "params": [],
            "project": "acquired-rite-440014-v4",
            "reservation_affinity": [],
            "resource_policies": null,
            "scheduling": [
              {
                "automatic_restart": true,
                "instance_termination_action": "",
                "local_ssd_recovery_timeout": [],
                "max_run_duration": [],
                "min_node_cpus": 0,
                "node_affinities": [],
                "on_host_maintenance": "MIGRATE",
                "on_instance_stop_action": [],
                "preemptible": false,
                "provisioning_model": "STANDARD"
              }
            ],
            "scratch_disk": [],
            "self_link": "https://www.googleapis.com/compute/v1/projects/acquired-rite-440014-v4/zones/us-west4-c/instances/my-ecommerce-app2",
            "service_account": [],
            "shielded_instance_config": [
              {
                "enable_integrity_monitoring": true,
                "enable_secure_boot": false,
                "enable_vtpm": true
              }
            ],
            "tags": null,
            "tags_fingerprint": "42WmSpB8rSM=",
            "terraform_labels": {
              "goog-terraform-provisioned": "true"
            },
            "timeouts": null,
            "zone": "us-west4-c"
          },
          "sensitive_attributes": [
            [
              {
                "type": "get_attr",
                "value": "boot_disk"
              },
              {
                "type": "index",
                "value": {
                  "value": 0,
                  "type": "number"
                }
              },
              {
                "type": "get_attr",
                "value": "disk_encryption_key_raw"
              }
            ]
          ],
          "private": "eyJlMmJmYjczMC1lY2FhLTExZTYtOGY4OC0zNDM2M2JjN2M0YzAiOnsiY3JlYXRlIjoxMjAwMDAwMDAwMDAwLCJkZWxldGUiOjEyMDAwMDAwMDAwMDAsInVwZGF0ZSI6MTIwMDAwMDAwMDAwMH0sInNjaGVtYV92ZXJzaW9uIjoiNiJ9"
        }
      ]
    }
  ],
  "check_results": null
}
